
Microsoft Visual Studio Solution File, Format Version 12.00
# Visual Studio Version 16
VisualStudioVersion = 16.0.29728.190
MinimumVisualStudioVersion = 10.0.40219.1
Project("{FAE04EC0-301F-11D3-BF4B-00C04F79EFBC}") = "LofiDesign.Android", "LofiDesign\LofiDesign.Android\LofiDesign.Android.csproj", "{5A7DEC1F-5298-46DF-B2FF-FB8390504078}"
EndProject
Project("{FAE04EC0-301F-11D3-BF4B-00C04F79EFBC}") = "LofiDesign", "LofiDesign\LofiDesign\LofiDesign.csproj", "{2605EFB3-0B7E-43C2-8FF3-63B4CB91B5C5}"
EndProject
Global
	GlobalSection(SolutionConfigurationPlatforms) = preSolution
		Debug|Any CPU = Debug|Any CPU
		Release|Any CPU = Release|Any CPU
	EndGlobalSection
	GlobalSection(ProjectConfigurationPlatforms) = postSolution
		{5A7DEC1F-5298-46DF-B2FF-FB8390504078}.Debug|Any CPU.ActiveCfg = Debug|Any CPU
		{5A7DEC1F-5298-46DF-B2FF-FB8390504078}.Debug|Any CPU.Build.0 = Debug|Any CPU
		{5A7DEC1F-5298-46DF-B2FF-FB8390504078}.Debug|Any CPU.Deploy.0 = Debug|Any CPU
		{5A7DEC1F-5298-46DF-B2FF-FB8390504078}.Release|Any CPU.ActiveCfg = Release|Any CPU
		{5A7DEC1F-5298-46DF-B2FF-FB8390504078}.Release|Any CPU.Build.0 = Release|Any CPU
		{5A7DEC1F-5298-46DF-B2FF-FB8390504078}.Release|Any CPU.Deploy.0 = Release|Any CPU
		{2605EFB3-0B7E-43C2-8FF3-63B4CB91B5C5}.Debug|Any CPU.ActiveCfg = Debug|Any CPU
		{2605EFB3-0B7E-43C2-8FF3-63B4CB91B5C5}.Debug|Any CPU.Build.0 = Debug|Any CPU
		{2605EFB3-0B7E-43C2-8FF3-63B4CB91B5C5}.Debug|Any CPU.Deploy.0 = Debug|Any CPU
		{2605EFB3-0B7E-43C2-8FF3-63B4CB91B5C5}.Release|Any CPU.ActiveCfg = Release|Any CPU
		{2605EFB3-0B7E-43C2-8FF3-63B4CB91B5C5}.Release|Any CPU.Build.0 = Release|Any CPU
		{2605EFB3-0B7E-43C2-8FF3-63B4CB91B5C5}.Release|Any CPU.Deploy.0 = Release|Any CPU
	EndGlobalSection
	GlobalSection(SolutionProperties) = preSolution
		HideSolutionNode = FALSE
	EndGlobalSection
	GlobalSection(ExtensibilityGlobals) = postSolution
		SolutionGuid = {0DD76187-9C59-466F-89BC-C8C8199B639A}
	EndGlobalSection
EndGlobal
